
Microsoft Visual Studio Solution File, Format Version 12.00
# Visual Studio Version 17
VisualStudioVersion = 17.9.34714.143
MinimumVisualStudioVersion = 15.0.26124.0
Project("{9A19103F-16F7-4668-BE54-9A1E7A4F7556}") = "VisualGuessingGame.Infra", "VisualGuessingGame.Infra\VisualGuessingGame.Infra.csproj", "{652FC72C-AC94-4151-A688-7023B429089D}"
EndProject
Project("{9A19103F-16F7-4668-BE54-9A1E7A4F7556}") = "VisualGuessingGame.API", "VisualGuessingGame.API\VisualGuessingGame.API.csproj", "{8D1065A8-7D66-4C73-B004-2DD622F68B59}"
EndProject
Project("{9A19103F-16F7-4668-BE54-9A1E7A4F7556}") = "VisualGuessingGame.Client", "VisualGuessingGame.Client\VisualGuessingGame.Client.csproj", "{FCB169B6-CB37-470A-BD82-08D32F4200FE}"
EndProject
Project("{9A19103F-16F7-4668-BE54-9A1E7A4F7556}") = "VisualGuessingGame.BackgroundTask", "VisualGuessingGame.BackgroundTask\VisualGuessingGame.BackgroundTask.csproj", "{BA6736D4-0BA5-41B3-B2B4-F7818CF18488}"
EndProject
Global
	GlobalSection(SolutionConfigurationPlatforms) = preSolution
		Debug|Any CPU = Debug|Any CPU
		Debug|x64 = Debug|x64
		Debug|x86 = Debug|x86
		Release|Any CPU = Release|Any CPU
		Release|x64 = Release|x64
		Release|x86 = Release|x86
	EndGlobalSection
	GlobalSection(ProjectConfigurationPlatforms) = postSolution
		{652FC72C-AC94-4151-A688-7023B429089D}.Debug|Any CPU.ActiveCfg = Debug|Any CPU
		{652FC72C-AC94-4151-A688-7023B429089D}.Debug|Any CPU.Build.0 = Debug|Any CPU
		{652FC72C-AC94-4151-A688-7023B429089D}.Debug|x64.ActiveCfg = Debug|Any CPU
		{652FC72C-AC94-4151-A688-7023B429089D}.Debug|x64.Build.0 = Debug|Any CPU
		{652FC72C-AC94-4151-A688-7023B429089D}.Debug|x86.ActiveCfg = Debug|Any CPU
		{652FC72C-AC94-4151-A688-7023B429089D}.Debug|x86.Build.0 = Debug|Any CPU
		{652FC72C-AC94-4151-A688-7023B429089D}.Release|Any CPU.ActiveCfg = Release|Any CPU
		{652FC72C-AC94-4151-A688-7023B429089D}.Release|Any CPU.Build.0 = Release|Any CPU
		{652FC72C-AC94-4151-A688-7023B429089D}.Release|x64.ActiveCfg = Release|Any CPU
		{652FC72C-AC94-4151-A688-7023B429089D}.Release|x64.Build.0 = Release|Any CPU
		{652FC72C-AC94-4151-A688-7023B429089D}.Release|x86.ActiveCfg = Release|Any CPU
		{652FC72C-AC94-4151-A688-7023B429089D}.Release|x86.Build.0 = Release|Any CPU
		{8D1065A8-7D66-4C73-B004-2DD622F68B59}.Debug|Any CPU.ActiveCfg = Debug|Any CPU
		{8D1065A8-7D66-4C73-B004-2DD622F68B59}.Debug|Any CPU.Build.0 = Debug|Any CPU
		{8D1065A8-7D66-4C73-B004-2DD622F68B59}.Debug|x64.ActiveCfg = Debug|Any CPU
		{8D1065A8-7D66-4C73-B004-2DD622F68B59}.Debug|x64.Build.0 = Debug|Any CPU
		{8D1065A8-7D66-4C73-B004-2DD622F68B59}.Debug|x86.ActiveCfg = Debug|Any CPU
		{8D1065A8-7D66-4C73-B004-2DD622F68B59}.Debug|x86.Build.0 = Debug|Any CPU
		{8D1065A8-7D66-4C73-B004-2DD622F68B59}.Release|Any CPU.ActiveCfg = Release|Any CPU
		{8D1065A8-7D66-4C73-B004-2DD622F68B59}.Release|Any CPU.Build.0 = Release|Any CPU
		{8D1065A8-7D66-4C73-B004-2DD622F68B59}.Release|x64.ActiveCfg = Release|Any CPU
		{8D1065A8-7D66-4C73-B004-2DD622F68B59}.Release|x64.Build.0 = Release|Any CPU
		{8D1065A8-7D66-4C73-B004-2DD622F68B59}.Release|x86.ActiveCfg = Release|Any CPU
		{8D1065A8-7D66-4C73-B004-2DD622F68B59}.Release|x86.Build.0 = Release|Any CPU
		{FCB169B6-CB37-470A-BD82-08D32F4200FE}.Debug|Any CPU.ActiveCfg = Debug|Any CPU
		{FCB169B6-CB37-470A-BD82-08D32F4200FE}.Debug|Any CPU.Build.0 = Debug|Any CPU
		{FCB169B6-CB37-470A-BD82-08D32F4200FE}.Debug|x64.ActiveCfg = Debug|Any CPU
		{FCB169B6-CB37-470A-BD82-08D32F4200FE}.Debug|x64.Build.0 = Debug|Any CPU
		{FCB169B6-CB37-470A-BD82-08D32F4200FE}.Debug|x86.ActiveCfg = Debug|Any CPU
		{FCB169B6-CB37-470A-BD82-08D32F4200FE}.Debug|x86.Build.0 = Debug|Any CPU
		{FCB169B6-CB37-470A-BD82-08D32F4200FE}.Release|Any CPU.ActiveCfg = Release|Any CPU
		{FCB169B6-CB37-470A-BD82-08D32F4200FE}.Release|Any CPU.Build.0 = Release|Any CPU
		{FCB169B6-CB37-470A-BD82-08D32F4200FE}.Release|x64.ActiveCfg = Release|Any CPU
		{FCB169B6-CB37-470A-BD82-08D32F4200FE}.Release|x64.Build.0 = Release|Any CPU
		{FCB169B6-CB37-470A-BD82-08D32F4200FE}.Release|x86.ActiveCfg = Release|Any CPU
		{FCB169B6-CB37-470A-BD82-08D32F4200FE}.Release|x86.Build.0 = Release|Any CPU
		{BA6736D4-0BA5-41B3-B2B4-F7818CF18488}.Debug|Any CPU.ActiveCfg = Debug|Any CPU
		{BA6736D4-0BA5-41B3-B2B4-F7818CF18488}.Debug|Any CPU.Build.0 = Debug|Any CPU
		{BA6736D4-0BA5-41B3-B2B4-F7818CF18488}.Debug|x64.ActiveCfg = Debug|Any CPU
		{BA6736D4-0BA5-41B3-B2B4-F7818CF18488}.Debug|x64.Build.0 = Debug|Any CPU
		{BA6736D4-0BA5-41B3-B2B4-F7818CF18488}.Debug|x86.ActiveCfg = Debug|Any CPU
		{BA6736D4-0BA5-41B3-B2B4-F7818CF18488}.Debug|x86.Build.0 = Debug|Any CPU
		{BA6736D4-0BA5-41B3-B2B4-F7818CF18488}.Release|Any CPU.ActiveCfg = Release|Any CPU
		{BA6736D4-0BA5-41B3-B2B4-F7818CF18488}.Release|Any CPU.Build.0 = Release|Any CPU
		{BA6736D4-0BA5-41B3-B2B4-F7818CF18488}.Release|x64.ActiveCfg = Release|Any CPU
		{BA6736D4-0BA5-41B3-B2B4-F7818CF18488}.Release|x64.Build.0 = Release|Any CPU
		{BA6736D4-0BA5-41B3-B2B4-F7818CF18488}.Release|x86.ActiveCfg = Release|Any CPU
		{BA6736D4-0BA5-41B3-B2B4-F7818CF18488}.Release|x86.Build.0 = Release|Any CPU
	EndGlobalSection
	GlobalSection(SolutionProperties) = preSolution
		HideSolutionNode = FALSE
	EndGlobalSection
	GlobalSection(ExtensibilityGlobals) = postSolution
		SolutionGuid = {046BEC8D-BBBF-4D57-9746-45A9619CB778}
	EndGlobalSection
EndGlobal
